
Microsoft Visual Studio Solution File, Format Version 12.00
# Visual Studio 15
VisualStudioVersion = 15.0.28010.2036
MinimumVisualStudioVersion = 10.0.40219.1
Project("{8BC9CEB8-8B4A-11D0-8D11-00A0C91BC942}") = "hw", "hw\hw.vcxproj", "{7E90CE6F-924E-4CE7-AE09-640C25CE3E3C}"
EndProject
Global
	GlobalSection(SolutionConfigurationPlatforms) = preSolution
		Debug|x64 = Debug|x64
		Debug|x86 = Debug|x86
		Release|x64 = Release|x64
		Release|x86 = Release|x86
	EndGlobalSection
	GlobalSection(ProjectConfigurationPlatforms) = postSolution
		{7E90CE6F-924E-4CE7-AE09-640C25CE3E3C}.Debug|x64.ActiveCfg = Debug|x64
		{7E90CE6F-924E-4CE7-AE09-640C25CE3E3C}.Debug|x64.Build.0 = Debug|x64
		{7E90CE6F-924E-4CE7-AE09-640C25CE3E3C}.Debug|x86.ActiveCfg = Debug|Win32
		{7E90CE6F-924E-4CE7-AE09-640C25CE3E3C}.Debug|x86.Build.0 = Debug|Win32
		{7E90CE6F-924E-4CE7-AE09-640C25CE3E3C}.Release|x64.ActiveCfg = Release|x64
		{7E90CE6F-924E-4CE7-AE09-640C25CE3E3C}.Release|x64.Build.0 = Release|x64
		{7E90CE6F-924E-4CE7-AE09-640C25CE3E3C}.Release|x86.ActiveCfg = Release|Win32
		{7E90CE6F-924E-4CE7-AE09-640C25CE3E3C}.Release|x86.Build.0 = Release|Win32
	EndGlobalSection
	GlobalSection(SolutionProperties) = preSolution
		HideSolutionNode = FALSE
	EndGlobalSection
	GlobalSection(ExtensibilityGlobals) = postSolution
		SolutionGuid = {4BF79BCA-18A0-4E1E-944C-8048024A62B5}
	EndGlobalSection
EndGlobal
